
Microsoft Visual Studio Solution File, Format Version 12.00
# Visual Studio 14
VisualStudioVersion = 14.0.25420.1
MinimumVisualStudioVersion = 10.0.40219.1
Project("{FAE04EC0-301F-11D3-BF4B-00C04F79EFBC}") = "AgeRanger", "AgeRanger\AgeRanger.csproj", "{FDBBB8A1-9720-400D-8BEB-D47045A4553C}"
EndProject
Project("{FAE04EC0-301F-11D3-BF4B-00C04F79EFBC}") = "AgeRanger.Tests", "AgeRanger.Tests\AgeRanger.Tests.csproj", "{DB867FAE-8BAA-45D6-922C-B8579569A1BD}"
EndProject
Global
	GlobalSection(SolutionConfigurationPlatforms) = preSolution
		Debug|Any CPU = Debug|Any CPU
		Release|Any CPU = Release|Any CPU
	EndGlobalSection
	GlobalSection(ProjectConfigurationPlatforms) = postSolution
		{FDBBB8A1-9720-400D-8BEB-D47045A4553C}.Debug|Any CPU.ActiveCfg = Debug|Any CPU
		{FDBBB8A1-9720-400D-8BEB-D47045A4553C}.Debug|Any CPU.Build.0 = Debug|Any CPU
		{FDBBB8A1-9720-400D-8BEB-D47045A4553C}.Release|Any CPU.ActiveCfg = Release|Any CPU
		{FDBBB8A1-9720-400D-8BEB-D47045A4553C}.Release|Any CPU.Build.0 = Release|Any CPU
		{DB867FAE-8BAA-45D6-922C-B8579569A1BD}.Debug|Any CPU.ActiveCfg = Debug|Any CPU
		{DB867FAE-8BAA-45D6-922C-B8579569A1BD}.Debug|Any CPU.Build.0 = Debug|Any CPU
		{DB867FAE-8BAA-45D6-922C-B8579569A1BD}.Release|Any CPU.ActiveCfg = Release|Any CPU
		{DB867FAE-8BAA-45D6-922C-B8579569A1BD}.Release|Any CPU.Build.0 = Release|Any CPU
	EndGlobalSection
	GlobalSection(SolutionProperties) = preSolution
		HideSolutionNode = FALSE
	EndGlobalSection
EndGlobal
